
Microsoft Visual Studio Solution File, Format Version 12.00
# Visual Studio Version 17
VisualStudioVersion = 17.8.34511.84
MinimumVisualStudioVersion = 10.0.40219.1
Project("{FAE04EC0-301F-11D3-BF4B-00C04F79EFBC}") = "HomeWork1.1ConsoleApp", "HomeWork1.1ConsoleApp\HomeWork1.1ConsoleApp.csproj", "{6584DBA3-31C4-4001-B3A5-B4505CD0CD2F}"
EndProject
Global
	GlobalSection(SolutionConfigurationPlatforms) = preSolution
		Debug|Any CPU = Debug|Any CPU
		Release|Any CPU = Release|Any CPU
	EndGlobalSection
	GlobalSection(ProjectConfigurationPlatforms) = postSolution
		{6584DBA3-31C4-4001-B3A5-B4505CD0CD2F}.Debug|Any CPU.ActiveCfg = Debug|Any CPU
		{6584DBA3-31C4-4001-B3A5-B4505CD0CD2F}.Debug|Any CPU.Build.0 = Debug|Any CPU
		{6584DBA3-31C4-4001-B3A5-B4505CD0CD2F}.Release|Any CPU.ActiveCfg = Release|Any CPU
		{6584DBA3-31C4-4001-B3A5-B4505CD0CD2F}.Release|Any CPU.Build.0 = Release|Any CPU
	EndGlobalSection
	GlobalSection(SolutionProperties) = preSolution
		HideSolutionNode = FALSE
	EndGlobalSection
	GlobalSection(ExtensibilityGlobals) = postSolution
		SolutionGuid = {4DD36CCC-BA72-4843-8854-FF2A95E1255A}
	EndGlobalSection
EndGlobal
